
Microsoft Visual Studio Solution File, Format Version 12.00
# Visual Studio 2012
Project("{FAE04EC0-301F-11D3-BF4B-00C04F79EFBC}") = "Array Example", "Array Example\Array Example.csproj", "{BD70B5EC-3095-4ABC-8F76-2CBF7D3B21BD}"
EndProject
Global
	GlobalSection(SolutionConfigurationPlatforms) = preSolution
		Debug|Any CPU = Debug|Any CPU
		Release|Any CPU = Release|Any CPU
	EndGlobalSection
	GlobalSection(ProjectConfigurationPlatforms) = postSolution
		{BD70B5EC-3095-4ABC-8F76-2CBF7D3B21BD}.Debug|Any CPU.ActiveCfg = Debug|Any CPU
		{BD70B5EC-3095-4ABC-8F76-2CBF7D3B21BD}.Debug|Any CPU.Build.0 = Debug|Any CPU
		{BD70B5EC-3095-4ABC-8F76-2CBF7D3B21BD}.Release|Any CPU.ActiveCfg = Release|Any CPU
		{BD70B5EC-3095-4ABC-8F76-2CBF7D3B21BD}.Release|Any CPU.Build.0 = Release|Any CPU
	EndGlobalSection
	GlobalSection(SolutionProperties) = preSolution
		HideSolutionNode = FALSE
	EndGlobalSection
EndGlobal
