
Microsoft Visual Studio Solution File, Format Version 12.00
# Visual Studio 2012
Project("{FAE04EC0-301F-11D3-BF4B-00C04F79EFBC}") = "Variable", "Variable\Variable.csproj", "{0FBD4617-5CCE-4EE5-A95B-511D1C757BE5}"
EndProject
Global
	GlobalSection(SolutionConfigurationPlatforms) = preSolution
		Debug|Any CPU = Debug|Any CPU
		Release|Any CPU = Release|Any CPU
	EndGlobalSection
	GlobalSection(ProjectConfigurationPlatforms) = postSolution
		{0FBD4617-5CCE-4EE5-A95B-511D1C757BE5}.Debug|Any CPU.ActiveCfg = Debug|Any CPU
		{0FBD4617-5CCE-4EE5-A95B-511D1C757BE5}.Debug|Any CPU.Build.0 = Debug|Any CPU
		{0FBD4617-5CCE-4EE5-A95B-511D1C757BE5}.Release|Any CPU.ActiveCfg = Release|Any CPU
		{0FBD4617-5CCE-4EE5-A95B-511D1C757BE5}.Release|Any CPU.Build.0 = Release|Any CPU
	EndGlobalSection
	GlobalSection(SolutionProperties) = preSolution
		HideSolutionNode = FALSE
	EndGlobalSection
EndGlobal
